{
    "_meta": {
        "hash": {
            "sha256": "10ff270c245fbbd2e49d7edd60918620f64bc1a5bb677c20327d1cfde5f41d6c"
        },
        "pipfile-spec": 6,
        "requires": {
            "python_version": "3.5"
        },
        "sources": [
            {
                "name": "pypi",
                "url": "https://pypi.org/simple",
                "verify_ssl": true
            }
        ]
    },
    "default": {
        "pydicom": {
            "hashes": [
                "sha256:26988f7b38456702d18468642d06e710a68efd0ca281e3c410910b7b03205264"
            ],
            "index": "pypi",
            "version": "==1.0.2"
        }
    },
    "develop": {}
}
